
Microsoft Visual Studio Solution File, Format Version 12.00
# Visual Studio Version 17
VisualStudioVersion = 17.0.31903.59
MinimumVisualStudioVersion = 10.0.40219.1
Project("{2150E333-8FDC-42A3-9474-1A3956D46DE8}") = "Fundamentals", "Fundamentals", "{F29A1E62-4530-437B-9965-FF1BC6C179C6}"
EndProject
Project("{FAE04EC0-301F-11D3-BF4B-00C04F79EFBC}") = "650Projects.Fundamentals", "650Projects.Fundamentals\650Projects.Fundamentals.csproj", "{2C70BAA3-136E-47C9-A83C-64B1BF393BC8}"
EndProject
Global
	GlobalSection(SolutionConfigurationPlatforms) = preSolution
		Debug|Any CPU = Debug|Any CPU
		Release|Any CPU = Release|Any CPU
	EndGlobalSection
	GlobalSection(ProjectConfigurationPlatforms) = postSolution
		{2C70BAA3-136E-47C9-A83C-64B1BF393BC8}.Debug|Any CPU.ActiveCfg = Debug|Any CPU
		{2C70BAA3-136E-47C9-A83C-64B1BF393BC8}.Debug|Any CPU.Build.0 = Debug|Any CPU
		{2C70BAA3-136E-47C9-A83C-64B1BF393BC8}.Release|Any CPU.ActiveCfg = Release|Any CPU
		{2C70BAA3-136E-47C9-A83C-64B1BF393BC8}.Release|Any CPU.Build.0 = Release|Any CPU
	EndGlobalSection
	GlobalSection(SolutionProperties) = preSolution
		HideSolutionNode = FALSE
	EndGlobalSection
	GlobalSection(NestedProjects) = preSolution
		{2C70BAA3-136E-47C9-A83C-64B1BF393BC8} = {F29A1E62-4530-437B-9965-FF1BC6C179C6}
	EndGlobalSection
EndGlobal
